
Microsoft Visual Studio Solution File, Format Version 12.00
# Visual Studio Version 17
VisualStudioVersion = 17.0.31919.166
MinimumVisualStudioVersion = 10.0.40219.1
Project("{9A19103F-16F7-4668-BE54-9A1E7A4F7556}") = "OreIdApiClient", "OreIdApiClient\OreIdApiClient.csproj", "{C51EF839-5616-49B7-B7CB-2C2781A1F66B}"
EndProject
Project("{9A19103F-16F7-4668-BE54-9A1E7A4F7556}") = "TestClient", "TestClient\TestClient.csproj", "{EA2AFAB4-A403-40FE-A9E9-051B88128C22}"
EndProject
Global
	GlobalSection(SolutionConfigurationPlatforms) = preSolution
		Debug|Any CPU = Debug|Any CPU
		Release|Any CPU = Release|Any CPU
	EndGlobalSection
	GlobalSection(ProjectConfigurationPlatforms) = postSolution
		{C51EF839-5616-49B7-B7CB-2C2781A1F66B}.Debug|Any CPU.ActiveCfg = Debug|Any CPU
		{C51EF839-5616-49B7-B7CB-2C2781A1F66B}.Debug|Any CPU.Build.0 = Debug|Any CPU
		{C51EF839-5616-49B7-B7CB-2C2781A1F66B}.Release|Any CPU.ActiveCfg = Release|Any CPU
		{C51EF839-5616-49B7-B7CB-2C2781A1F66B}.Release|Any CPU.Build.0 = Release|Any CPU
		{EA2AFAB4-A403-40FE-A9E9-051B88128C22}.Debug|Any CPU.ActiveCfg = Debug|Any CPU
		{EA2AFAB4-A403-40FE-A9E9-051B88128C22}.Debug|Any CPU.Build.0 = Debug|Any CPU
		{EA2AFAB4-A403-40FE-A9E9-051B88128C22}.Release|Any CPU.ActiveCfg = Release|Any CPU
		{EA2AFAB4-A403-40FE-A9E9-051B88128C22}.Release|Any CPU.Build.0 = Release|Any CPU
	EndGlobalSection
	GlobalSection(SolutionProperties) = preSolution
		HideSolutionNode = FALSE
	EndGlobalSection
	GlobalSection(ExtensibilityGlobals) = postSolution
		SolutionGuid = {5D9EA082-84E8-4B57-88EC-B2880FA59B51}
	EndGlobalSection
EndGlobal
